<?xml version="1.0" encoding="utf-8"?>
<Project ToolsVersion="4.0" xmlns="http://schemas.microsoft.com/developer/msbuild/2003">
  <ItemGroup>
    <ClCompile Include="SourceCode\imgui\imgui_widgets.cpp">
      <Filter>ImGui</Filter>
    </ClCompile>
    <ClCompile Include="SourceCode\imgui\imgui.cpp">
      <Filter>ImGui</Filter>
    </ClCompile>
    <ClCompile Include="SourceCode\imgui\imgui_demo.cpp">
      <Filter>ImGui</Filter>
    </ClCompile>
    <ClCompile Include="SourceCode\imgui\imgui_draw.cpp">
      <Filter>ImGui</Filter>
    </ClCompile>
    <ClCompile Include="SourceCode\imgui\imgui_impl_opengl3.cpp">
      <Filter>ImGui</Filter>
    </ClCompile>
    <ClCompile Include="SourceCode\imgui\imgui_impl_sdl.cpp">
      <Filter>ImGui</Filter>
    </ClCompile>
    <ClCompile Include="SourceCode\imgui\imgui_tables.cpp">
      <Filter>ImGui</Filter>
    </ClCompile>
    <ClCompile Include="SourceCode\ModuleCamera3D.cpp">
      <Filter>Modules</Filter>
    </ClCompile>
    <ClCompile Include="SourceCode\ModuleInput.cpp">
      <Filter>Modules</Filter>
    </ClCompile>
    <ClCompile Include="SourceCode\ModuleRenderer3D.cpp">
      <Filter>Modules</Filter>
    </ClCompile>
    <ClCompile Include="SourceCode\ModuleSceneIntro.cpp">
      <Filter>Modules</Filter>
    </ClCompile>
    <ClCompile Include="SourceCode\ModuleUI.cpp">
      <Filter>Modules</Filter>
    </ClCompile>
    <ClCompile Include="SourceCode\ModuleWindow.cpp">
      <Filter>Modules</Filter>
    </ClCompile>
    <ClCompile Include="SourceCode\Application.cpp" />
    <ClCompile Include="SourceCode\log.cpp" />
    <ClCompile Include="SourceCode\Main.cpp" />
    <ClCompile Include="SourceCode\Timer.cpp">
      <Filter>MathAndTools</Filter>
    </ClCompile>
    <ClCompile Include="SourceCode\Primitive.cpp">
      <Filter>MathAndTools</Filter>
    </ClCompile>
    <ClCompile Include="SourceCode\Light.cpp">
      <Filter>MathAndTools</Filter>
    </ClCompile>
    <ClCompile Include="SourceCode\Color.cpp">
      <Filter>MathAndTools</Filter>
    </ClCompile>
    <ClCompile Include="SourceCode\glmath.cpp">
      <Filter>MathAndTools</Filter>
    </ClCompile>
  </ItemGroup>
  <ItemGroup>
    <Filter Include="ImGui">
      <UniqueIdentifier>{edc7b278-c5b8-4e94-823a-12bb43ca0466}</UniqueIdentifier>
    </Filter>
    <Filter Include="Modules">
      <UniqueIdentifier>{0e2c25df-6f8f-46b9-9297-2289bb3d36a0}</UniqueIdentifier>
    </Filter>
    <Filter Include="MathAndTools">
      <UniqueIdentifier>{af536429-b100-4df9-b0fb-352f3466afc9}</UniqueIdentifier>
    </Filter>
  </ItemGroup>
  <ItemGroup>
    <ClInclude Include="SourceCode\Module.h">
      <Filter>Modules</Filter>
    </ClInclude>
    <ClInclude Include="SourceCode\ModuleCamera3D.h">
      <Filter>Modules</Filter>
    </ClInclude>
    <ClInclude Include="SourceCode\ModuleInput.h">
      <Filter>Modules</Filter>
    </ClInclude>
    <ClInclude Include="SourceCode\ModuleRenderer3D.h">
      <Filter>Modules</Filter>
    </ClInclude>
    <ClInclude Include="SourceCode\ModuleSceneIntro.h">
      <Filter>Modules</Filter>
    </ClInclude>
    <ClInclude Include="SourceCode\ModuleUI.h">
      <Filter>Modules</Filter>
    </ClInclude>
    <ClInclude Include="SourceCode\ModuleWindow.h">
      <Filter>Modules</Filter>
    </ClInclude>
    <ClInclude Include="SourceCode\Application.h" />
    <ClInclude Include="SourceCode\Globals.h" />
    <ClInclude Include="SourceCode\singleton.h" />
    <ClInclude Include="SourceCode\Timer.h">
      <Filter>MathAndTools</Filter>
    </ClInclude>
    <ClInclude Include="SourceCode\Primitive.h">
      <Filter>MathAndTools</Filter>
    </ClInclude>
    <ClInclude Include="SourceCode\Light.h">
      <Filter>MathAndTools</Filter>
    </ClInclude>
    <ClInclude Include="SourceCode\Color.h">
      <Filter>MathAndTools</Filter>
    </ClInclude>
    <ClInclude Include="SourceCode\glmath.h">
      <Filter>MathAndTools</Filter>
    </ClInclude>
  </ItemGroup>
</Project>