<?xml version="1.0" encoding="utf-8"?>
<Project ToolsVersion="4.0" xmlns="http://schemas.microsoft.com/developer/msbuild/2003">
  <ItemGroup>
    <ClCompile Include="imgui\imgui.cpp">
      <Filter>ImGui</Filter>
    </ClCompile>
    <ClCompile Include="imgui\imgui_demo.cpp">
      <Filter>ImGui</Filter>
    </ClCompile>
    <ClCompile Include="imgui\imgui_draw.cpp">
      <Filter>ImGui</Filter>
    </ClCompile>
    <ClCompile Include="imgui\imgui_impl_opengl3.cpp">
      <Filter>ImGui</Filter>
    </ClCompile>
    <ClCompile Include="imgui\imgui_impl_sdl.cpp">
      <Filter>ImGui</Filter>
    </ClCompile>
    <ClCompile Include="imgui\imgui_tables.cpp">
      <Filter>ImGui</Filter>
    </ClCompile>
    <ClCompile Include="imgui\imgui_widgets.cpp">
      <Filter>ImGui</Filter>
    </ClCompile>
    <ClCompile Include="Src\Application.cpp" />
    <ClCompile Include="Src\log.cpp" />
    <ClCompile Include="Src\Main.cpp" />
    <ClCompile Include="Src\ModuleCamera3D.cpp">
      <Filter>Modules</Filter>
    </ClCompile>
    <ClCompile Include="Src\ModuleInput.cpp">
      <Filter>Modules</Filter>
    </ClCompile>
    <ClCompile Include="Src\ModuleRenderer3D.cpp">
      <Filter>Modules</Filter>
    </ClCompile>
    <ClCompile Include="Src\ModuleSceneIntro.cpp">
      <Filter>Modules</Filter>
    </ClCompile>
    <ClCompile Include="Src\ModuleWindow.cpp">
      <Filter>Modules</Filter>
    </ClCompile>
    <ClCompile Include="Src\Color.cpp">
      <Filter>MathAndTools</Filter>
    </ClCompile>
    <ClCompile Include="Src\glmath.cpp">
      <Filter>MathAndTools</Filter>
    </ClCompile>
    <ClCompile Include="Src\Primitive.cpp">
      <Filter>MathAndTools</Filter>
    </ClCompile>
    <ClCompile Include="Src\Timer.cpp">
      <Filter>MathAndTools</Filter>
    </ClCompile>
    <ClCompile Include="Src\Light.cpp">
      <Filter>MathAndTools</Filter>
    </ClCompile>
    <ClCompile Include="Src\ModuleUI.cpp">
      <Filter>Modules</Filter>
    </ClCompile>
  </ItemGroup>
  <ItemGroup>
    <Filter Include="ImGui">
      <UniqueIdentifier>{edc7b278-c5b8-4e94-823a-12bb43ca0466}</UniqueIdentifier>
    </Filter>
    <Filter Include="Modules">
      <UniqueIdentifier>{0e2c25df-6f8f-46b9-9297-2289bb3d36a0}</UniqueIdentifier>
    </Filter>
    <Filter Include="MathAndTools">
      <UniqueIdentifier>{af536429-b100-4df9-b0fb-352f3466afc9}</UniqueIdentifier>
    </Filter>
  </ItemGroup>
  <ItemGroup>
    <ClInclude Include="Src\Globals.h" />
    <ClInclude Include="Src\Application.h" />
    <ClInclude Include="Src\Module.h">
      <Filter>Modules</Filter>
    </ClInclude>
    <ClInclude Include="Src\ModuleCamera3D.h">
      <Filter>Modules</Filter>
    </ClInclude>
    <ClInclude Include="Src\ModuleInput.h">
      <Filter>Modules</Filter>
    </ClInclude>
    <ClInclude Include="Src\ModuleRenderer3D.h">
      <Filter>Modules</Filter>
    </ClInclude>
    <ClInclude Include="Src\ModuleSceneIntro.h">
      <Filter>Modules</Filter>
    </ClInclude>
    <ClInclude Include="Src\ModuleWindow.h">
      <Filter>Modules</Filter>
    </ClInclude>
    <ClInclude Include="Src\Color.h">
      <Filter>MathAndTools</Filter>
    </ClInclude>
    <ClInclude Include="Src\glmath.h">
      <Filter>MathAndTools</Filter>
    </ClInclude>
    <ClInclude Include="Src\Primitive.h">
      <Filter>MathAndTools</Filter>
    </ClInclude>
    <ClInclude Include="Src\Timer.h">
      <Filter>MathAndTools</Filter>
    </ClInclude>
    <ClInclude Include="Src\Light.h">
      <Filter>MathAndTools</Filter>
    </ClInclude>
    <ClInclude Include="Src\ModuleUI.h">
      <Filter>Modules</Filter>
    </ClInclude>
  </ItemGroup>
  <ItemGroup>
    <None Include="Src\imgui.ini">
      <Filter>ImGui</Filter>
    </None>
  </ItemGroup>
</Project>